{
  "name": "wordler",
  "version": "1.0.0",
  "lockfileVersion": 2,
  "requires": true,
  "packages": {
    "": {
      "name": "wordler",
      "version": "1.0.0",
      "license": "ISC",
      "dependencies": {
        "@types/filesystem": "^0.0.32",
        "@types/node": "^17.0.8",
        "@types/readline-sync": "^1.4.4",
        "filesystem": "^1.0.1",
        "readline-sync": "^1.4.10"
      }
    },
    "node_modules/@types/filesystem": {
      "version": "0.0.32",
      "resolved": "https://registry.npmjs.org/@types/filesystem/-/filesystem-0.0.32.tgz",
      "integrity": "sha512-Yuf4jR5YYMR2DVgwuCiP11s0xuVRyPKmz8vo6HBY3CGdeMj8af93CFZX+T82+VD1+UqHOxTq31lO7MI7lepBtQ==",
      "dependencies": {
        "@types/filewriter": "*"
      }
    },
    "node_modules/@types/filewriter": {
      "version": "0.0.29",
      "resolved": "https://registry.npmjs.org/@types/filewriter/-/filewriter-0.0.29.tgz",
      "integrity": "sha512-BsPXH/irW0ht0Ji6iw/jJaK8Lj3FJemon2gvEqHKpCdDCeemHa+rI3WBGq5z7cDMZgoLjY40oninGxqk+8NzNQ=="
    },
    "node_modules/@types/node": {
      "version": "17.0.8",
      "resolved": "https://registry.npmjs.org/@types/node/-/node-17.0.8.tgz",
      "integrity": "sha512-YofkM6fGv4gDJq78g4j0mMuGMkZVxZDgtU0JRdx6FgiJDG+0fY0GKVolOV8WqVmEhLCXkQRjwDdKyPxJp/uucg=="
    },
    "node_modules/@types/readline-sync": {
      "version": "1.4.4",
      "resolved": "https://registry.npmjs.org/@types/readline-sync/-/readline-sync-1.4.4.tgz",
      "integrity": "sha512-cFjVIoiamX7U6zkO2VPvXyTxbFDdiRo902IarJuPVxBhpDnXhwSaVE86ip+SCuyWBbEioKCkT4C88RNTxBM1Dw=="
    },
    "node_modules/configuration-processor": {
      "version": "1.1.1",
      "resolved": "https://registry.npmjs.org/configuration-processor/-/configuration-processor-1.1.1.tgz",
      "integrity": "sha1-8hiQhbJZ2M2eXnwqy67Fx/FiBaI=",
      "engines": {
        "node": ">=0.8"
      }
    },
    "node_modules/data-container": {
      "version": "1.1.0",
      "resolved": "https://registry.npmjs.org/data-container/-/data-container-1.1.0.tgz",
      "integrity": "sha1-/ncg9FfrPrqPQIlzwbaEwTXPiKw=",
      "dependencies": {
        "configuration-processor": "~1"
      },
      "engines": {
        "node": ">=0.8"
      }
    },
    "node_modules/event-dispatcher": {
      "version": "2.4.0",
      "resolved": "https://registry.npmjs.org/event-dispatcher/-/event-dispatcher-2.4.0.tgz",
      "integrity": "sha1-i4vq2EUWzhdmQV+rkykFboU9FSo=",
      "dependencies": {
        "configuration-processor": "~1",
        "data-container": "~1"
      },
      "engines": {
        "node": ">=0.10"
      }
    },
    "node_modules/filesystem": {
      "version": "1.0.1",
      "resolved": "https://registry.npmjs.org/filesystem/-/filesystem-1.0.1.tgz",
      "integrity": "sha1-va31J7YyoSU/TN3KeAp/T8ZnDX4=",
      "dependencies": {
        "configuration-processor": "~1",
        "event-dispatcher": "~2"
      },
      "engines": {
        "node": ">=0.8"
      }
    },
    "node_modules/readline-sync": {
      "version": "1.4.10",
      "resolved": "https://registry.npmjs.org/readline-sync/-/readline-sync-1.4.10.tgz",
      "integrity": "sha512-gNva8/6UAe8QYepIQH/jQ2qn91Qj0B9sYjMBBs3QOB8F2CXcKgLxQaJRP76sWVRQt+QU+8fAkCbCvjjMFu7Ycw==",
      "engines": {
        "node": ">= 0.8.0"
      }
    }
  },
  "dependencies": {
    "@types/filesystem": {
      "version": "0.0.32",
      "resolved": "https://registry.npmjs.org/@types/filesystem/-/filesystem-0.0.32.tgz",
      "integrity": "sha512-Yuf4jR5YYMR2DVgwuCiP11s0xuVRyPKmz8vo6HBY3CGdeMj8af93CFZX+T82+VD1+UqHOxTq31lO7MI7lepBtQ==",
      "requires": {
        "@types/filewriter": "*"
      }
    },
    "@types/filewriter": {
      "version": "0.0.29",
      "resolved": "https://registry.npmjs.org/@types/filewriter/-/filewriter-0.0.29.tgz",
      "integrity": "sha512-BsPXH/irW0ht0Ji6iw/jJaK8Lj3FJemon2gvEqHKpCdDCeemHa+rI3WBGq5z7cDMZgoLjY40oninGxqk+8NzNQ=="
    },
    "@types/node": {
      "version": "17.0.8",
      "resolved": "https://registry.npmjs.org/@types/node/-/node-17.0.8.tgz",
      "integrity": "sha512-YofkM6fGv4gDJq78g4j0mMuGMkZVxZDgtU0JRdx6FgiJDG+0fY0GKVolOV8WqVmEhLCXkQRjwDdKyPxJp/uucg=="
    },
    "@types/readline-sync": {
      "version": "1.4.4",
      "resolved": "https://registry.npmjs.org/@types/readline-sync/-/readline-sync-1.4.4.tgz",
      "integrity": "sha512-cFjVIoiamX7U6zkO2VPvXyTxbFDdiRo902IarJuPVxBhpDnXhwSaVE86ip+SCuyWBbEioKCkT4C88RNTxBM1Dw=="
    },
    "configuration-processor": {
      "version": "1.1.1",
      "resolved": "https://registry.npmjs.org/configuration-processor/-/configuration-processor-1.1.1.tgz",
      "integrity": "sha1-8hiQhbJZ2M2eXnwqy67Fx/FiBaI="
    },
    "data-container": {
      "version": "1.1.0",
      "resolved": "https://registry.npmjs.org/data-container/-/data-container-1.1.0.tgz",
      "integrity": "sha1-/ncg9FfrPrqPQIlzwbaEwTXPiKw=",
      "requires": {
        "configuration-processor": "~1"
      }
    },
    "event-dispatcher": {
      "version": "2.4.0",
      "resolved": "https://registry.npmjs.org/event-dispatcher/-/event-dispatcher-2.4.0.tgz",
      "integrity": "sha1-i4vq2EUWzhdmQV+rkykFboU9FSo=",
      "requires": {
        "configuration-processor": "~1",
        "data-container": "~1"
      }
    },
    "filesystem": {
      "version": "1.0.1",
      "resolved": "https://registry.npmjs.org/filesystem/-/filesystem-1.0.1.tgz",
      "integrity": "sha1-va31J7YyoSU/TN3KeAp/T8ZnDX4=",
      "requires": {
        "configuration-processor": "~1",
        "event-dispatcher": "~2"
      }
    },
    "readline-sync": {
      "version": "1.4.10",
      "resolved": "https://registry.npmjs.org/readline-sync/-/readline-sync-1.4.10.tgz",
      "integrity": "sha512-gNva8/6UAe8QYepIQH/jQ2qn91Qj0B9sYjMBBs3QOB8F2CXcKgLxQaJRP76sWVRQt+QU+8fAkCbCvjjMFu7Ycw=="
    }
  }
}
